{
  "name": "wechat-tfjs-examples",
  "version": "1.0.0",
  "lockfileVersion": 1,
  "requires": true,
  "dependencies": {
    "@tensorflow/tfjs": {
      "version": "1.3.1",
      "resolved": "https://registry.npmjs.org/@tensorflow/tfjs/-/tfjs-1.3.1.tgz",
      "integrity": "sha512-eJ8+WYRYYx6o3R4daV3T46ZHI/FN0+wslNnobh6d2Sp/T8PfaFpdR38nRrYtxnz33A80B2pMk4VxzoVivS4/jA==",
      "requires": {
        "@tensorflow/tfjs-converter": "1.3.1",
        "@tensorflow/tfjs-core": "1.3.1",
        "@tensorflow/tfjs-data": "1.3.1",
        "@tensorflow/tfjs-layers": "1.3.1"
      }
    },
    "@tensorflow/tfjs-converter": {
      "version": "1.3.1",
      "resolved": "https://registry.npmjs.org/@tensorflow/tfjs-converter/-/tfjs-converter-1.3.1.tgz",
      "integrity": "sha512-8IHzcIZwqCofcRBhaCTN6W73m2RGdBDH6BEORf0KDdbgbz4DouItVcKX692PrA8gchY+Xy8ZHMpj93PcAOs17g=="
    },
    "@tensorflow/tfjs-core": {
      "version": "1.3.1",
      "resolved": "https://registry.npmjs.org/@tensorflow/tfjs-core/-/tfjs-core-1.3.1.tgz",
      "integrity": "sha512-X4MKhpg1gLEZetKUMeQNW6diP3gbFFddeF6UT816sH8jOenX/8x2HnVmANpNnUxCTPhDniY3V9zhBWwbl13+Yg==",
      "requires": {
        "@types/offscreencanvas": "~2019.3.0",
        "@types/seedrandom": "2.4.27",
        "@types/webgl-ext": "0.0.30",
        "@types/webgl2": "0.0.4",
        "node-fetch": "~2.1.2",
        "seedrandom": "2.4.3"
      }
    },
    "@tensorflow/tfjs-data": {
      "version": "1.3.1",
      "resolved": "https://registry.npmjs.org/@tensorflow/tfjs-data/-/tfjs-data-1.3.1.tgz",
      "integrity": "sha512-GCATkRXKBewLdri+qfzTLcVsToX9W7fz5JwApY6Ysel/aTtKSYArU8+OppUKAfWkczBA/fZKlJTONnqC42H6bA==",
      "requires": {
        "@types/node-fetch": "^2.1.2",
        "node-fetch": "~2.1.2"
      }
    },
    "@tensorflow/tfjs-layers": {
      "version": "1.3.1",
      "resolved": "https://registry.npmjs.org/@tensorflow/tfjs-layers/-/tfjs-layers-1.3.1.tgz",
      "integrity": "sha512-LiC9mGU9ZQ7+c3PiQ6MDkvT/gZgqNN67TsypfKm+L44u2TLtMZf77mRaQ/8rW/F89Ey4PDDFftDRDYv0t3fukw=="
    },
    "@types/node": {
      "version": "13.1.1",
      "resolved": "https://registry.npmjs.org/@types/node/-/node-13.1.1.tgz",
      "integrity": "sha512-hx6zWtudh3Arsbl3cXay+JnkvVgCKzCWKv42C9J01N2T2np4h8w5X8u6Tpz5mj38kE3M9FM0Pazx8vKFFMnjLQ=="
    },
    "@types/node-fetch": {
      "version": "2.5.4",
      "resolved": "https://registry.npmjs.org/@types/node-fetch/-/node-fetch-2.5.4.tgz",
      "integrity": "sha512-Oz6id++2qAOFuOlE1j0ouk1dzl3mmI1+qINPNBhi9nt/gVOz0G+13Ao6qjhdF0Ys+eOkhu6JnFmt38bR3H0POQ==",
      "requires": {
        "@types/node": "*"
      }
    },
    "@types/offscreencanvas": {
      "version": "2019.3.0",
      "resolved": "https://registry.npmjs.org/@types/offscreencanvas/-/offscreencanvas-2019.3.0.tgz",
      "integrity": "sha512-esIJx9bQg+QYF0ra8GnvfianIY8qWB0GBx54PK5Eps6m+xTj86KLavHv6qDhzKcu5UUOgNfJ2pWaIIV7TRUd9Q=="
    },
    "@types/seedrandom": {
      "version": "2.4.27",
      "resolved": "https://registry.npmjs.org/@types/seedrandom/-/seedrandom-2.4.27.tgz",
      "integrity": "sha1-nbVjk33YaRX2kJK8QyWdL0hXjkE="
    },
    "@types/webgl-ext": {
      "version": "0.0.30",
      "resolved": "https://registry.npmjs.org/@types/webgl-ext/-/webgl-ext-0.0.30.tgz",
      "integrity": "sha512-LKVgNmBxN0BbljJrVUwkxwRYqzsAEPcZOe6S2T6ZaBDIrFp0qu4FNlpc5sM1tGbXUYFgdVQIoeLk1Y1UoblyEg=="
    },
    "@types/webgl2": {
      "version": "0.0.4",
      "resolved": "https://registry.npmjs.org/@types/webgl2/-/webgl2-0.0.4.tgz",
      "integrity": "sha512-PACt1xdErJbMUOUweSrbVM7gSIYm1vTncW2hF6Os/EeWi6TXYAYMPp+8v6rzHmypE5gHrxaxZNXgMkJVIdZpHw=="
    },
    "fetch-wechat": {
      "version": "0.0.3",
      "resolved": "https://registry.npmjs.org/fetch-wechat/-/fetch-wechat-0.0.3.tgz",
      "integrity": "sha512-uEvCnHSaM53AjYmtiU8n7dB3RO4JX4RBxF3lXNf+cBHr5NRclmTAr5XiRtLL2lSdBcRwvLixhnjwCRJhyEKZgQ=="
    },
    "miniprogram-api-typings": {
      "version": "2.9.4",
      "resolved": "https://registry.npmjs.org/miniprogram-api-typings/-/miniprogram-api-typings-2.9.4.tgz",
      "integrity": "sha512-0F8CV72JcSv7QXLGlB0ApaHjLhxB5oWo5KvTMzpxSJ93G3TmoIUMbdh4LrELuXx4YJ7fbsritVnewI45XG9Lzg==",
      "dev": true
    },
    "node-fetch": {
      "version": "2.1.2",
      "resolved": "https://registry.npmjs.org/node-fetch/-/node-fetch-2.1.2.tgz",
      "integrity": "sha1-q4hOjn5X44qUR1POxwb3iNF2i7U="
    },
    "seedrandom": {
      "version": "2.4.3",
      "resolved": "https://registry.npmjs.org/seedrandom/-/seedrandom-2.4.3.tgz",
      "integrity": "sha1-JDhQTa0zkXMUv/GKxNeU8W1qrsw="
    }
  }
}
